
Microsoft Visual Studio Solution File, Format Version 12.00
# Visual Studio Version 17
VisualStudioVersion = 17.8.34330.188
MinimumVisualStudioVersion = 10.0.40219.1
Project("{FAE04EC0-301F-11D3-BF4B-00C04F79EFBC}") = "TaskAssignmentSystemWebApp", "TaskAssignmentSystemWebApp\TaskAssignmentSystemWebApp.csproj", "{247E212A-22FA-4E18-BDC4-988A8DF8A96A}"
EndProject
Global
	GlobalSection(SolutionConfigurationPlatforms) = preSolution
		Debug|Any CPU = Debug|Any CPU
		Release|Any CPU = Release|Any CPU
	EndGlobalSection
	GlobalSection(ProjectConfigurationPlatforms) = postSolution
		{247E212A-22FA-4E18-BDC4-988A8DF8A96A}.Debug|Any CPU.ActiveCfg = Debug|Any CPU
		{247E212A-22FA-4E18-BDC4-988A8DF8A96A}.Debug|Any CPU.Build.0 = Debug|Any CPU
		{247E212A-22FA-4E18-BDC4-988A8DF8A96A}.Release|Any CPU.ActiveCfg = Release|Any CPU
		{247E212A-22FA-4E18-BDC4-988A8DF8A96A}.Release|Any CPU.Build.0 = Release|Any CPU
	EndGlobalSection
	GlobalSection(SolutionProperties) = preSolution
		HideSolutionNode = FALSE
	EndGlobalSection
	GlobalSection(ExtensibilityGlobals) = postSolution
		SolutionGuid = {F1996B34-689F-4DA2-A516-84467315655C}
	EndGlobalSection
EndGlobal
