
Microsoft Visual Studio Solution File, Format Version 12.00
# Visual Studio Version 17
VisualStudioVersion = 17.8.34330.188
MinimumVisualStudioVersion = 10.0.40219.1
Project("{FAE04EC0-301F-11D3-BF4B-00C04F79EFBC}") = "TaskAssignmentSystem", "TaskAssignmentSystem.csproj", "{B6959B5E-5F03-4DB6-815F-7F5D8C8D06F8}"
EndProject
Global
	GlobalSection(SolutionConfigurationPlatforms) = preSolution
		Debug|Any CPU = Debug|Any CPU
		Release|Any CPU = Release|Any CPU
	EndGlobalSection
	GlobalSection(ProjectConfigurationPlatforms) = postSolution
		{B6959B5E-5F03-4DB6-815F-7F5D8C8D06F8}.Debug|Any CPU.ActiveCfg = Debug|Any CPU
		{B6959B5E-5F03-4DB6-815F-7F5D8C8D06F8}.Debug|Any CPU.Build.0 = Debug|Any CPU
		{B6959B5E-5F03-4DB6-815F-7F5D8C8D06F8}.Release|Any CPU.ActiveCfg = Release|Any CPU
		{B6959B5E-5F03-4DB6-815F-7F5D8C8D06F8}.Release|Any CPU.Build.0 = Release|Any CPU
	EndGlobalSection
	GlobalSection(SolutionProperties) = preSolution
		HideSolutionNode = FALSE
	EndGlobalSection
	GlobalSection(ExtensibilityGlobals) = postSolution
		SolutionGuid = {83095199-FE25-40EC-882B-1524E30EFEB1}
	EndGlobalSection
EndGlobal
